// !$*UTF8*$!
{
	archiveVersion = 1;
	classes = {
	};
	objectVersion = 56;
	objects = {

/* Begin PBXBuildFile section */
		67A44CB52B8D6904009CA065 /* IceTimeApp.swift in Sources */ = {isa = PBXBuildFile; fileRef = 67A44CB42B8D6904009CA065 /* IceTimeApp.swift */; };
		67A44CB72B8D6904009CA065 /* ContentView.swift in Sources */ = {isa = PBXBuildFile; fileRef = 67A44CB62B8D6904009CA065 /* ContentView.swift */; };
		67A44CB92B8D6905009CA065 /* Assets.xcassets in Resources */ = {isa = PBXBuildFile; fileRef = 67A44CB82B8D6905009CA065 /* Assets.xcassets */; };
		67A44CBC2B8D6905009CA065 /* Preview Assets.xcassets in Resources */ = {isa = PBXBuildFile; fileRef = 67A44CBB2B8D6905009CA065 /* Preview Assets.xcassets */; };
		67A44CC62B8D6905009CA065 /* IceTimeTests.swift in Sources */ = {isa = PBXBuildFile; fileRef = 67A44CC52B8D6905009CA065 /* IceTimeTests.swift */; };
		67A44CD02B8D6905009CA065 /* IceTimeUITests.swift in Sources */ = {isa = PBXBuildFile; fileRef = 67A44CCF2B8D6905009CA065 /* IceTimeUITests.swift */; };
		67A44CD22B8D6905009CA065 /* IceTimeUITestsLaunchTests.swift in Sources */ = {isa = PBXBuildFile; fileRef = 67A44CD12B8D6905009CA065 /* IceTimeUITestsLaunchTests.swift */; };
/* End PBXBuildFile section */

/* Begin PBXContainerItemProxy section */
		67A44CC22B8D6905009CA065 /* PBXContainerItemProxy */ = {
			isa = PBXContainerItemProxy;
			containerPortal = 67A44CA92B8D6903009CA065 /* Project object */;
			proxyType = 1;
			remoteGlobalIDString = 67A44CB02B8D6904009CA065;
			remoteInfo = IceTime;
		};
		67A44CCC2B8D6905009CA065 /* PBXContainerItemProxy */ = {
			isa = PBXContainerItemProxy;
			containerPortal = 67A44CA92B8D6903009CA065 /* Project object */;
			proxyType = 1;
			remoteGlobalIDString = 67A44CB02B8D6904009CA065;
			remoteInfo = IceTime;
		};
/* End PBXContainerItemProxy section */

/* Begin PBXFileReference section */
		67A44CB12B8D6904009CA065 /* IceTime.app */ = {isa = PBXFileReference; explicitFileType = wrapper.application; includeInIndex = 0; path = IceTime.app; sourceTree = BUILT_PRODUCTS_DIR; };
		67A44CB42B8D6904009CA065 /* IceTimeApp.swift */ = {isa = PBXFileReference; lastKnownFileType = sourcecode.swift; path = IceTimeApp.swift; sourceTree = "<group>"; };
		67A44CB62B8D6904009CA065 /* ContentView.swift */ = {isa = PBXFileReference; lastKnownFileType = sourcecode.swift; path = ContentView.swift; sourceTree = "<group>"; };
		67A44CB82B8D6905009CA065 /* Assets.xcassets */ = {isa = PBXFileReference; lastKnownFileType = folder.assetcatalog; path = Assets.xcassets; sourceTree = "<group>"; };
		67A44CBB2B8D6905009CA065 /* Preview Assets.xcassets */ = {isa = PBXFileReference; lastKnownFileType = folder.assetcatalog; path = "Preview Assets.xcassets"; sourceTree = "<group>"; };
		67A44CC12B8D6905009CA065 /* IceTimeTests.xctest */ = {isa = PBXFileReference; explicitFileType = wrapper.cfbundle; includeInIndex = 0; path = IceTimeTests.xctest; sourceTree = BUILT_PRODUCTS_DIR; };
		67A44CC52B8D6905009CA065 /* IceTimeTests.swift */ = {isa = PBXFileReference; lastKnownFileType = sourcecode.swift; path = IceTimeTests.swift; sourceTree = "<group>"; };
		67A44CCB2B8D6905009CA065 /* IceTimeUITests.xctest */ = {isa = PBXFileReference; explicitFileType = wrapper.cfbundle; includeInIndex = 0; path = IceTimeUITests.xctest; sourceTree = BUILT_PRODUCTS_DIR; };
		67A44CCF2B8D6905009CA065 /* IceTimeUITests.swift */ = {isa = PBXFileReference; lastKnownFileType = sourcecode.swift; path = IceTimeUITests.swift; sourceTree = "<group>"; };
		67A44CD12B8D6905009CA065 /* IceTimeUITestsLaunchTests.swift */ = {isa = PBXFileReference; lastKnownFileType = sourcecode.swift; path = IceTimeUITestsLaunchTests.swift; sourceTree = "<group>"; };
/* End PBXFileReference section */

/* Begin PBXFrameworksBuildPhase section */
		67A44CAE2B8D6904009CA065 /* Frameworks */ = {
			isa = PBXFrameworksBuildPhase;
			buildActionMask = 2147483647;
			files = (
			);
			runOnlyForDeploymentPostprocessing = 0;
		};
		67A44CBE2B8D6905009CA065 /* Frameworks */ = {
			isa = PBXFrameworksBuildPhase;
			buildActionMask = 2147483647;
			files = (
			);
			runOnlyForDeploymentPostprocessing = 0;
		};
		67A44CC82B8D6905009CA065 /* Frameworks */ = {
			isa = PBXFrameworksBuildPhase;
			buildActionMask = 2147483647;
			files = (
			);
			runOnlyForDeploymentPostprocessing = 0;
		};
/* End PBXFrameworksBuildPhase section */

/* Begin PBXGroup section */
		67A44CA82B8D6903009CA065 = {
			isa = PBXGroup;
			children = (
				67A44CB32B8D6904009CA065 /* IceTime */,
				67A44CC42B8D6905009CA065 /* IceTimeTests */,
				67A44CCE2B8D6905009CA065 /* IceTimeUITests */,
				67A44CB22B8D6904009CA065 /* Products */,
			);
			sourceTree = "<group>";
		};
		67A44CB22B8D6904009CA065 /* Products */ = {
			isa = PBXGroup;
			children = (
				67A44CB12B8D6904009CA065 /* IceTime.app */,
				67A44CC12B8D6905009CA065 /* IceTimeTests.xctest */,
				67A44CCB2B8D6905009CA065 /* IceTimeUITests.xctest */,
			);
			name = Products;
			sourceTree = "<group>";
		};
		67A44CB32B8D6904009CA065 /* IceTime */ = {
			isa = PBXGroup;
			children = (
				67A44CB42B8D6904009CA065 /* IceTimeApp.swift */,
				67A44CB62B8D6904009CA065 /* ContentView.swift */,
				67A44CB82B8D6905009CA065 /* Assets.xcassets */,
				67A44CBA2B8D6905009CA065 /* Preview Content */,
			);
			path = IceTime;
			sourceTree = "<group>";
		};
		67A44CBA2B8D6905009CA065 /* Preview Content */ = {
			isa = PBXGroup;
			children = (
				67A44CBB2B8D6905009CA065 /* Preview Assets.xcassets */,
			);
			path = "Preview Content";
			sourceTree = "<group>";
		};
		67A44CC42B8D6905009CA065 /* IceTimeTests */ = {
			isa = PBXGroup;
			children = (
				67A44CC52B8D6905009CA065 /* IceTimeTests.swift */,
			);
			path = IceTimeTests;
			sourceTree = "<group>";
		};
		67A44CCE2B8D6905009CA065 /* IceTimeUITests */ = {
			isa = PBXGroup;
			children = (
				67A44CCF2B8D6905009CA065 /* IceTimeUITests.swift */,
				67A44CD12B8D6905009CA065 /* IceTimeUITestsLaunchTests.swift */,
			);
			path = IceTimeUITests;
			sourceTree = "<group>";
		};
/* End PBXGroup section */

/* Begin PBXNativeTarget section */
		67A44CB02B8D6904009CA065 /* IceTime */ = {
			isa = PBXNativeTarget;
			buildConfigurationList = 67A44CD52B8D6905009CA065 /* Build configuration list for PBXNativeTarget "IceTime" */;
			buildPhases = (
				67A44CAD2B8D6904009CA065 /* Sources */,
				67A44CAE2B8D6904009CA065 /* Frameworks */,
				67A44CAF2B8D6904009CA065 /* Resources */,
			);
			buildRules = (
			);
			dependencies = (
			);
			name = IceTime;
			productName = IceTime;
			productReference = 67A44CB12B8D6904009CA065 /* IceTime.app */;
			productType = "com.apple.product-type.application";
		};
		67A44CC02B8D6905009CA065 /* IceTimeTests */ = {
			isa = PBXNativeTarget;
			buildConfigurationList = 67A44CD82B8D6905009CA065 /* Build configuration list for PBXNativeTarget "IceTimeTests" */;
			buildPhases = (
				67A44CBD2B8D6905009CA065 /* Sources */,
				67A44CBE2B8D6905009CA065 /* Frameworks */,
				67A44CBF2B8D6905009CA065 /* Resources */,
			);
			buildRules = (
			);
			dependencies = (
				67A44CC32B8D6905009CA065 /* PBXTargetDependency */,
			);
			name = IceTimeTests;
			productName = IceTimeTests;
			productReference = 67A44CC12B8D6905009CA065 /* IceTimeTests.xctest */;
			productType = "com.apple.product-type.bundle.unit-test";
		};
		67A44CCA2B8D6905009CA065 /* IceTimeUITests */ = {
			isa = PBXNativeTarget;
			buildConfigurationList = 67A44CDB2B8D6905009CA065 /* Build configuration list for PBXNativeTarget "IceTimeUITests" */;
			buildPhases = (
				67A44CC72B8D6905009CA065 /* Sources */,
				67A44CC82B8D6905009CA065 /* Frameworks */,
				67A44CC92B8D6905009CA065 /* Resources */,
			);
			buildRules = (
			);
			dependencies = (
				67A44CCD2B8D6905009CA065 /* PBXTargetDependency */,
			);
			name = IceTimeUITests;
			productName = IceTimeUITests;
			productReference = 67A44CCB2B8D6905009CA065 /* IceTimeUITests.xctest */;
			productType = "com.apple.product-type.bundle.ui-testing";
		};
/* End PBXNativeTarget section */

/* Begin PBXProject section */
		67A44CA92B8D6903009CA065 /* Project object */ = {
			isa = PBXProject;
			attributes = {
				BuildIndependentTargetsInParallel = 1;
				LastSwiftUpdateCheck = 1520;
				LastUpgradeCheck = 1520;
				TargetAttributes = {
					67A44CB02B8D6904009CA065 = {
						CreatedOnToolsVersion = 15.2;
					};
					67A44CC02B8D6905009CA065 = {
						CreatedOnToolsVersion = 15.2;
						TestTargetID = 67A44CB02B8D6904009CA065;
					};
					67A44CCA2B8D6905009CA065 = {
						CreatedOnToolsVersion = 15.2;
						TestTargetID = 67A44CB02B8D6904009CA065;
					};
				};
			};
			buildConfigurationList = 67A44CAC2B8D6903009CA065 /* Build configuration list for PBXProject "IceTime" */;
			compatibilityVersion = "Xcode 14.0";
			developmentRegion = en;
			hasScannedForEncodings = 0;
			knownRegions = (
				en,
				Base,
			);
			mainGroup = 67A44CA82B8D6903009CA065;
			productRefGroup = 67A44CB22B8D6904009CA065 /* Products */;
			projectDirPath = "";
			projectRoot = "";
			targets = (
				67A44CB02B8D6904009CA065 /* IceTime */,
				67A44CC02B8D6905009CA065 /* IceTimeTests */,
				67A44CCA2B8D6905009CA065 /* IceTimeUITests */,
			);
		};
/* End PBXProject section */

/* Begin PBXResourcesBuildPhase section */
		67A44CAF2B8D6904009CA065 /* Resources */ = {
			isa = PBXResourcesBuildPhase;
			buildActionMask = 2147483647;
			files = (
				67A44CBC2B8D6905009CA065 /* Preview Assets.xcassets in Resources */,
				67A44CB92B8D6905009CA065 /* Assets.xcassets in Resources */,
			);
			runOnlyForDeploymentPostprocessing = 0;
		};
		67A44CBF2B8D6905009CA065 /* Resources */ = {
			isa = PBXResourcesBuildPhase;
			buildActionMask = 2147483647;
			files = (
			);
			runOnlyForDeploymentPostprocessing = 0;
		};
		67A44CC92B8D6905009CA065 /* Resources */ = {
			isa = PBXResourcesBuildPhase;
			buildActionMask = 2147483647;
			files = (
			);
			runOnlyForDeploymentPostprocessing = 0;
		};
/* End PBXResourcesBuildPhase section */

/* Begin PBXSourcesBuildPhase section */
		67A44CAD2B8D6904009CA065 /* Sources */ = {
			isa = PBXSourcesBuildPhase;
			buildActionMask = 2147483647;
			files = (
				67A44CB72B8D6904009CA065 /* ContentView.swift in Sources */,
				67A44CB52B8D6904009CA065 /* IceTimeApp.swift in Sources */,
			);
			runOnlyForDeploymentPostprocessing = 0;
		};
		67A44CBD2B8D6905009CA065 /* Sources */ = {
			isa = PBXSourcesBuildPhase;
			buildActionMask = 2147483647;
			files = (
				67A44CC62B8D6905009CA065 /* IceTimeTests.swift in Sources */,
			);
			runOnlyForDeploymentPostprocessing = 0;
		};
		67A44CC72B8D6905009CA065 /* Sources */ = {
			isa = PBXSourcesBuildPhase;
			buildActionMask = 2147483647;
			files = (
				67A44CD02B8D6905009CA065 /* IceTimeUITests.swift in Sources */,
				67A44CD22B8D6905009CA065 /* IceTimeUITestsLaunchTests.swift in Sources */,
			);
			runOnlyForDeploymentPostprocessing = 0;
		};
/* End PBXSourcesBuildPhase section */

/* Begin PBXTargetDependency section */
		67A44CC32B8D6905009CA065 /* PBXTargetDependency */ = {
			isa = PBXTargetDependency;
			target = 67A44CB02B8D6904009CA065 /* IceTime */;
			targetProxy = 67A44CC22B8D6905009CA065 /* PBXContainerItemProxy */;
		};
		67A44CCD2B8D6905009CA065 /* PBXTargetDependency */ = {
			isa = PBXTargetDependency;
			target = 67A44CB02B8D6904009CA065 /* IceTime */;
			targetProxy = 67A44CCC2B8D6905009CA065 /* PBXContainerItemProxy */;
		};
/* End PBXTargetDependency section */

/* Begin XCBuildConfiguration section */
		67A44CD32B8D6905009CA065 /* Debug */ = {
			isa = XCBuildConfiguration;
			buildSettings = {
				ALWAYS_SEARCH_USER_PATHS = NO;
				ASSETCATALOG_COMPILER_GENERATE_SWIFT_ASSET_SYMBOL_EXTENSIONS = YES;
				CLANG_ANALYZER_NONNULL = YES;
				CLANG_ANALYZER_NUMBER_OBJECT_CONVERSION = YES_AGGRESSIVE;
				CLANG_CXX_LANGUAGE_STANDARD = "gnu++20";
				CLANG_ENABLE_MODULES = YES;
				CLANG_ENABLE_OBJC_ARC = YES;
				CLANG_ENABLE_OBJC_WEAK = YES;
				CLANG_WARN_BLOCK_CAPTURE_AUTORELEASING = YES;
				CLANG_WARN_BOOL_CONVERSION = YES;
				CLANG_WARN_COMMA = YES;
				CLANG_WARN_CONSTANT_CONVERSION = YES;
				CLANG_WARN_DEPRECATED_OBJC_IMPLEMENTATIONS = YES;
				CLANG_WARN_DIRECT_OBJC_ISA_USAGE = YES_ERROR;
				CLANG_WARN_DOCUMENTATION_COMMENTS = YES;
				CLANG_WARN_EMPTY_BODY = YES;
				CLANG_WARN_ENUM_CONVERSION = YES;
				CLANG_WARN_INFINITE_RECURSION = YES;
				CLANG_WARN_INT_CONVERSION = YES;
				CLANG_WARN_NON_LITERAL_NULL_CONVERSION = YES;
				CLANG_WARN_OBJC_IMPLICIT_RETAIN_SELF = YES;
				CLANG_WARN_OBJC_LITERAL_CONVERSION = YES;
				CLANG_WARN_OBJC_ROOT_CLASS = YES_ERROR;
				CLANG_WARN_QUOTED_INCLUDE_IN_FRAMEWORK_HEADER = YES;
				CLANG_WARN_RANGE_LOOP_ANALYSIS = YES;
				CLANG_WARN_STRICT_PROTOTYPES = YES;
				CLANG_WARN_SUSPICIOUS_MOVE = YES;
				CLANG_WARN_UNGUARDED_AVAILABILITY = YES_AGGRESSIVE;
				CLANG_WARN_UNREACHABLE_CODE = YES;
				CLANG_WARN__DUPLICATE_METHOD_MATCH = YES;
				COPY_PHASE_STRIP = NO;
				DEBUG_INFORMATION_FORMAT = dwarf;
				ENABLE_STRICT_OBJC_MSGSEND = YES;
				ENABLE_TESTABILITY = YES;
				ENABLE_USER_SCRIPT_SANDBOXING = YES;
				GCC_C_LANGUAGE_STANDARD = gnu17;
				GCC_DYNAMIC_NO_PIC = NO;
				GCC_NO_COMMON_BLOCKS = YES;
				GCC_OPTIMIZATION_LEVEL = 0;
				GCC_PREPROCESSOR_DEFINITIONS = (
					"DEBUG=1",
					"$(inherited)",
				);
				GCC_WARN_64_TO_32_BIT_CONVERSION = YES;
				GCC_WARN_ABOUT_RETURN_TYPE = YES_ERROR;
				GCC_WARN_UNDECLARED_SELECTOR = YES;
				GCC_WARN_UNINITIALIZED_AUTOS = YES_AGGRESSIVE;
				GCC_WARN_UNUSED_FUNCTION = YES;
				GCC_WARN_UNUSED_VARIABLE = YES;
				IPHONEOS_DEPLOYMENT_TARGET = 17.2;
				LOCALIZATION_PREFERS_STRING_CATALOGS = YES;
				MTL_ENABLE_DEBUG_INFO = INCLUDE_SOURCE;
				MTL_FAST_MATH = YES;
				ONLY_ACTIVE_ARCH = YES;
				SDKROOT = iphoneos;
				SWIFT_ACTIVE_COMPILATION_CONDITIONS = "DEBUG $(inherited)";
				SWIFT_OPTIMIZATION_LEVEL = "-Onone";
			};
			name = Debug;
		};
		67A44CD42B8D6905009CA065 /* Release */ = {
			isa = XCBuildConfiguration;
			buildSettings = {
				ALWAYS_SEARCH_USER_PATHS = NO;
				ASSETCATALOG_COMPILER_GENERATE_SWIFT_ASSET_SYMBOL_EXTENSIONS = YES;
				CLANG_ANALYZER_NONNULL = YES;
				CLANG_ANALYZER_NUMBER_OBJECT_CONVERSION = YES_AGGRESSIVE;
				CLANG_CXX_LANGUAGE_STANDARD = "gnu++20";
				CLANG_ENABLE_MODULES = YES;
				CLANG_ENABLE_OBJC_ARC = YES;
				CLANG_ENABLE_OBJC_WEAK = YES;
				CLANG_WARN_BLOCK_CAPTURE_AUTORELEASING = YES;
				CLANG_WARN_BOOL_CONVERSION = YES;
				CLANG_WARN_COMMA = YES;
				CLANG_WARN_CONSTANT_CONVERSION = YES;
				CLANG_WARN_DEPRECATED_OBJC_IMPLEMENTATIONS = YES;
				CLANG_WARN_DIRECT_OBJC_ISA_USAGE = YES_ERROR;
				CLANG_WARN_DOCUMENTATION_COMMENTS = YES;
				CLANG_WARN_EMPTY_BODY = YES;
				CLANG_WARN_ENUM_CONVERSION = YES;
				CLANG_WARN_INFINITE_RECURSION = YES;
				CLANG_WARN_INT_CONVERSION = YES;
				CLANG_WARN_NON_LITERAL_NULL_CONVERSION = YES;
				CLANG_WARN_OBJC_IMPLICIT_RETAIN_SELF = YES;
				CLANG_WARN_OBJC_LITERAL_CONVERSION = YES;
				CLANG_WARN_OBJC_ROOT_CLASS = YES_ERROR;
				CLANG_WARN_QUOTED_INCLUDE_IN_FRAMEWORK_HEADER = YES;
				CLANG_WARN_RANGE_LOOP_ANALYSIS = YES;
				CLANG_WARN_STRICT_PROTOTYPES = YES;
				CLANG_WARN_SUSPICIOUS_MOVE = YES;
				CLANG_WARN_UNGUARDED_AVAILABILITY = YES_AGGRESSIVE;
				CLANG_WARN_UNREACHABLE_CODE = YES;
				CLANG_WARN__DUPLICATE_METHOD_MATCH = YES;
				COPY_PHASE_STRIP = NO;
				DEBUG_INFORMATION_FORMAT = "dwarf-with-dsym";
				ENABLE_NS_ASSERTIONS = NO;
				ENABLE_STRICT_OBJC_MSGSEND = YES;
				ENABLE_USER_SCRIPT_SANDBOXING = YES;
				GCC_C_LANGUAGE_STANDARD = gnu17;
				GCC_NO_COMMON_BLOCKS = YES;
				GCC_WARN_64_TO_32_BIT_CONVERSION = YES;
				GCC_WARN_ABOUT_RETURN_TYPE = YES_ERROR;
				GCC_WARN_UNDECLARED_SELECTOR = YES;
				GCC_WARN_UNINITIALIZED_AUTOS = YES_AGGRESSIVE;
				GCC_WARN_UNUSED_FUNCTION = YES;
				GCC_WARN_UNUSED_VARIABLE = YES;
				IPHONEOS_DEPLOYMENT_TARGET = 17.2;
				LOCALIZATION_PREFERS_STRING_CATALOGS = YES;
				MTL_ENABLE_DEBUG_INFO = NO;
				MTL_FAST_MATH = YES;
				SDKROOT = iphoneos;
				SWIFT_COMPILATION_MODE = wholemodule;
				VALIDATE_PRODUCT = YES;
			};
			name = Release;
		};
		67A44CD62B8D6905009CA065 /* Debug */ = {
			isa = XCBuildConfiguration;
			buildSettings = {
				ASSETCATALOG_COMPILER_APPICON_NAME = AppIcon;
				ASSETCATALOG_COMPILER_GLOBAL_ACCENT_COLOR_NAME = AccentColor;
				CODE_SIGN_STYLE = Automatic;
				CURRENT_PROJECT_VERSION = 1;
				DEVELOPMENT_ASSET_PATHS = "\"IceTime/Preview Content\"";
				DEVELOPMENT_TEAM = 46G2D29VH8;
				ENABLE_PREVIEWS = YES;
				GENERATE_INFOPLIST_FILE = YES;
				INFOPLIST_KEY_UIApplicationSceneManifest_Generation = YES;
				INFOPLIST_KEY_UIApplicationSupportsIndirectInputEvents = YES;
				INFOPLIST_KEY_UILaunchScreen_Generation = YES;
				INFOPLIST_KEY_UISupportedInterfaceOrientations_iPad = "UIInterfaceOrientationPortrait UIInterfaceOrientationPortraitUpsideDown UIInterfaceOrientationLandscapeLeft UIInterfaceOrientationLandscapeRight";
				INFOPLIST_KEY_UISupportedInterfaceOrientations_iPhone = "UIInterfaceOrientationPortrait UIInterfaceOrientationLandscapeLeft UIInterfaceOrientationLandscapeRight";
				LD_RUNPATH_SEARCH_PATHS = (
					"$(inherited)",
					"@executable_path/Frameworks",
				);
				MARKETING_VERSION = 1.0;
				PRODUCT_BUNDLE_IDENTIFIER = de.lemine.IceTime;
				PRODUCT_NAME = "$(TARGET_NAME)";
				SWIFT_EMIT_LOC_STRINGS = YES;
				SWIFT_VERSION = 5.0;
				TARGETED_DEVICE_FAMILY = "1,2";
			};
			name = Debug;
		};
		67A44CD72B8D6905009CA065 /* Release */ = {
			isa = XCBuildConfiguration;
			buildSettings = {
				ASSETCATALOG_COMPILER_APPICON_NAME = AppIcon;
				ASSETCATALOG_COMPILER_GLOBAL_ACCENT_COLOR_NAME = AccentColor;
				CODE_SIGN_STYLE = Automatic;
				CURRENT_PROJECT_VERSION = 1;
				DEVELOPMENT_ASSET_PATHS = "\"IceTime/Preview Content\"";
				DEVELOPMENT_TEAM = 46G2D29VH8;
				ENABLE_PREVIEWS = YES;
				GENERATE_INFOPLIST_FILE = YES;
				INFOPLIST_KEY_UIApplicationSceneManifest_Generation = YES;
				INFOPLIST_KEY_UIApplicationSupportsIndirectInputEvents = YES;
				INFOPLIST_KEY_UILaunchScreen_Generation = YES;
				INFOPLIST_KEY_UISupportedInterfaceOrientations_iPad = "UIInterfaceOrientationPortrait UIInterfaceOrientationPortraitUpsideDown UIInterfaceOrientationLandscapeLeft UIInterfaceOrientationLandscapeRight";
				INFOPLIST_KEY_UISupportedInterfaceOrientations_iPhone = "UIInterfaceOrientationPortrait UIInterfaceOrientationLandscapeLeft UIInterfaceOrientationLandscapeRight";
				LD_RUNPATH_SEARCH_PATHS = (
					"$(inherited)",
					"@executable_path/Frameworks",
				);
				MARKETING_VERSION = 1.0;
				PRODUCT_BUNDLE_IDENTIFIER = de.lemine.IceTime;
				PRODUCT_NAME = "$(TARGET_NAME)";
				SWIFT_EMIT_LOC_STRINGS = YES;
				SWIFT_VERSION = 5.0;
				TARGETED_DEVICE_FAMILY = "1,2";
			};
			name = Release;
		};
		67A44CD92B8D6905009CA065 /* Debug */ = {
			isa = XCBuildConfiguration;
			buildSettings = {
				ALWAYS_EMBED_SWIFT_STANDARD_LIBRARIES = YES;
				BUNDLE_LOADER = "$(TEST_HOST)";
				CODE_SIGN_STYLE = Automatic;
				CURRENT_PROJECT_VERSION = 1;
				DEVELOPMENT_TEAM = 46G2D29VH8;
				GENERATE_INFOPLIST_FILE = YES;
				IPHONEOS_DEPLOYMENT_TARGET = 17.2;
				MARKETING_VERSION = 1.0;
				PRODUCT_BUNDLE_IDENTIFIER = de.lemine.IceTimeTests;
				PRODUCT_NAME = "$(TARGET_NAME)";
				SWIFT_EMIT_LOC_STRINGS = NO;
				SWIFT_VERSION = 5.0;
				TARGETED_DEVICE_FAMILY = "1,2";
				TEST_HOST = "$(BUILT_PRODUCTS_DIR)/IceTime.app/$(BUNDLE_EXECUTABLE_FOLDER_PATH)/IceTime";
			};
			name = Debug;
		};
		67A44CDA2B8D6905009CA065 /* Release */ = {
			isa = XCBuildConfiguration;
			buildSettings = {
				ALWAYS_EMBED_SWIFT_STANDARD_LIBRARIES = YES;
				BUNDLE_LOADER = "$(TEST_HOST)";
				CODE_SIGN_STYLE = Automatic;
				CURRENT_PROJECT_VERSION = 1;
				DEVELOPMENT_TEAM = 46G2D29VH8;
				GENERATE_INFOPLIST_FILE = YES;
				IPHONEOS_DEPLOYMENT_TARGET = 17.2;
				MARKETING_VERSION = 1.0;
				PRODUCT_BUNDLE_IDENTIFIER = de.lemine.IceTimeTests;
				PRODUCT_NAME = "$(TARGET_NAME)";
				SWIFT_EMIT_LOC_STRINGS = NO;
				SWIFT_VERSION = 5.0;
				TARGETED_DEVICE_FAMILY = "1,2";
				TEST_HOST = "$(BUILT_PRODUCTS_DIR)/IceTime.app/$(BUNDLE_EXECUTABLE_FOLDER_PATH)/IceTime";
			};
			name = Release;
		};
		67A44CDC2B8D6905009CA065 /* Debug */ = {
			isa = XCBuildConfiguration;
			buildSettings = {
				ALWAYS_EMBED_SWIFT_STANDARD_LIBRARIES = YES;
				CODE_SIGN_STYLE = Automatic;
				CURRENT_PROJECT_VERSION = 1;
				DEVELOPMENT_TEAM = 46G2D29VH8;
				GENERATE_INFOPLIST_FILE = YES;
				MARKETING_VERSION = 1.0;
				PRODUCT_BUNDLE_IDENTIFIER = de.lemine.IceTimeUITests;
				PRODUCT_NAME = "$(TARGET_NAME)";
				SWIFT_EMIT_LOC_STRINGS = NO;
				SWIFT_VERSION = 5.0;
				TARGETED_DEVICE_FAMILY = "1,2";
				TEST_TARGET_NAME = IceTime;
			};
			name = Debug;
		};
		67A44CDD2B8D6905009CA065 /* Release */ = {
			isa = XCBuildConfiguration;
			buildSettings = {
				ALWAYS_EMBED_SWIFT_STANDARD_LIBRARIES = YES;
				CODE_SIGN_STYLE = Automatic;
				CURRENT_PROJECT_VERSION = 1;
				DEVELOPMENT_TEAM = 46G2D29VH8;
				GENERATE_INFOPLIST_FILE = YES;
				MARKETING_VERSION = 1.0;
				PRODUCT_BUNDLE_IDENTIFIER = de.lemine.IceTimeUITests;
				PRODUCT_NAME = "$(TARGET_NAME)";
				SWIFT_EMIT_LOC_STRINGS = NO;
				SWIFT_VERSION = 5.0;
				TARGETED_DEVICE_FAMILY = "1,2";
				TEST_TARGET_NAME = IceTime;
			};
			name = Release;
		};
/* End XCBuildConfiguration section */

/* Begin XCConfigurationList section */
		67A44CAC2B8D6903009CA065 /* Build configuration list for PBXProject "IceTime" */ = {
			isa = XCConfigurationList;
			buildConfigurations = (
				67A44CD32B8D6905009CA065 /* Debug */,
				67A44CD42B8D6905009CA065 /* Release */,
			);
			defaultConfigurationIsVisible = 0;
			defaultConfigurationName = Release;
		};
		67A44CD52B8D6905009CA065 /* Build configuration list for PBXNativeTarget "IceTime" */ = {
			isa = XCConfigurationList;
			buildConfigurations = (
				67A44CD62B8D6905009CA065 /* Debug */,
				67A44CD72B8D6905009CA065 /* Release */,
			);
			defaultConfigurationIsVisible = 0;
			defaultConfigurationName = Release;
		};
		67A44CD82B8D6905009CA065 /* Build configuration list for PBXNativeTarget "IceTimeTests" */ = {
			isa = XCConfigurationList;
			buildConfigurations = (
				67A44CD92B8D6905009CA065 /* Debug */,
				67A44CDA2B8D6905009CA065 /* Release */,
			);
			defaultConfigurationIsVisible = 0;
			defaultConfigurationName = Release;
		};
		67A44CDB2B8D6905009CA065 /* Build configuration list for PBXNativeTarget "IceTimeUITests" */ = {
			isa = XCConfigurationList;
			buildConfigurations = (
				67A44CDC2B8D6905009CA065 /* Debug */,
				67A44CDD2B8D6905009CA065 /* Release */,
			);
			defaultConfigurationIsVisible = 0;
			defaultConfigurationName = Release;
		};
/* End XCConfigurationList section */
	};
	rootObject = 67A44CA92B8D6903009CA065 /* Project object */;
}
